<?xml version="1.0" encoding="utf-8"?>
<Project ToolsVersion="4.0" xmlns="http://schemas.microsoft.com/developer/msbuild/2003">
  <ItemGroup>
    <Filter Include="Source Files">
      <UniqueIdentifier>{4FC737F1-C7A5-4376-A066-2A32D752A2FF}</UniqueIdentifier>
      <Extensions>cpp;c;cc;cxx;def;odl;idl;hpj;bat;asm;asmx</Extensions>
    </Filter>
    <Filter Include="Header Files">
      <UniqueIdentifier>{93995380-89BD-4b04-88EB-625FBE52EBFB}</UniqueIdentifier>
      <Extensions>h;hh;hpp;hxx;hm;inl;inc;ipp;xsd</Extensions>
    </Filter>
    <Filter Include="Resource Files">
      <UniqueIdentifier>{67DA6AB6-F800-4c08-8B7A-83BB121AAD01}</UniqueIdentifier>
      <Extensions>rc;ico;cur;bmp;dlg;rc2;rct;bin;rgs;gif;jpg;jpeg;jpe;resx;tiff;tif;png;wav;mfcribbon-ms</Extensions>
    </Filter>
    <Filter Include="Header Files\win">
      <UniqueIdentifier>{cc7561c2-be3a-4fc9-9faf-7f984b70ab7e}</UniqueIdentifier>
    </Filter>
    <Filter Include="Source Files\win">
      <UniqueIdentifier>{7b6c828f-3783-4fc6-bec2-8c98ae2a9ff1}</UniqueIdentifier>
    </Filter>
    <Filter Include="Header Files\types">
      <UniqueIdentifier>{d1e96d32-1f0e-440d-b9ec-3b7f331f45cc}</UniqueIdentifier>
    </Filter>
  </ItemGroup>
  <ItemGroup>
    <ClCompile Include="..\..\..\dcache.c">
      <Filter>Source Files</Filter>
    </ClCompile>
    <ClCompile Include="..\..\..\disk.c">
      <Filter>Source Files</Filter>
    </ClCompile>
    <ClCompile Include="..\..\..\extents.c">
      <Filter>Source Files</Filter>
    </ClCompile>
    <ClCompile Include="..\..\..\fuse-main.c">
      <Filter>Source Files</Filter>
    </ClCompile>
    <ClCompile Include="..\..\..\inode.c">
      <Filter>Source Files</Filter>
    </ClCompile>
    <ClCompile Include="..\..\..\logging.c">
      <Filter>Source Files</Filter>
    </ClCompile>
    <ClCompile Include="..\..\..\op_getattr.c">
      <Filter>Source Files</Filter>
    </ClCompile>
    <ClCompile Include="..\..\..\op_init.c">
      <Filter>Source Files</Filter>
    </ClCompile>
    <ClCompile Include="..\..\..\op_open.c">
      <Filter>Source Files</Filter>
    </ClCompile>
    <ClCompile Include="..\..\..\op_read.c">
      <Filter>Source Files</Filter>
    </ClCompile>
    <ClCompile Include="..\..\..\op_readdir.c">
      <Filter>Source Files</Filter>
    </ClCompile>
    <ClCompile Include="..\..\..\op_readlink.c">
      <Filter>Source Files</Filter>
    </ClCompile>
    <ClCompile Include="..\..\..\super.c">
      <Filter>Source Files</Filter>
    </ClCompile>
    <ClCompile Include="pread.c">
      <Filter>Source Files\win</Filter>
    </ClCompile>
    <ClCompile Include="backtrace.c">
      <Filter>Source Files\win</Filter>
    </ClCompile>
  </ItemGroup>
  <ItemGroup>
    <ClInclude Include="..\..\..\common.h">
      <Filter>Header Files</Filter>
    </ClInclude>
    <ClInclude Include="..\..\..\dcache.h">
      <Filter>Header Files</Filter>
    </ClInclude>
    <ClInclude Include="..\..\..\disk.h">
      <Filter>Header Files</Filter>
    </ClInclude>
    <ClInclude Include="..\..\..\extents.h">
      <Filter>Header Files</Filter>
    </ClInclude>
    <ClInclude Include="..\..\..\inode.h">
      <Filter>Header Files</Filter>
    </ClInclude>
    <ClInclude Include="..\..\..\logging.h">
      <Filter>Header Files</Filter>
    </ClInclude>
    <ClInclude Include="..\..\..\ops.h">
      <Filter>Header Files</Filter>
    </ClInclude>
    <ClInclude Include="..\..\..\super.h">
      <Filter>Header Files</Filter>
    </ClInclude>
    <ClInclude Include="execinfo.h">
      <Filter>Header Files\win</Filter>
    </ClInclude>
    <ClInclude Include="libgen.h">
      <Filter>Header Files\win</Filter>
    </ClInclude>
    <ClInclude Include="unistd.h">
      <Filter>Header Files\win</Filter>
    </ClInclude>
    <ClInclude Include="..\..\..\types\e4f_dcache.h">
      <Filter>Header Files\types</Filter>
    </ClInclude>
    <ClInclude Include="..\..\..\types\ext4_basic.h">
      <Filter>Header Files\types</Filter>
    </ClInclude>
    <ClInclude Include="..\..\..\types\ext4_dentry.h">
      <Filter>Header Files\types</Filter>
    </ClInclude>
    <ClInclude Include="..\..\..\types\ext4_extents.h">
      <Filter>Header Files\types</Filter>
    </ClInclude>
    <ClInclude Include="..\..\..\types\ext4_inode.h">
      <Filter>Header Files\types</Filter>
    </ClInclude>
    <ClInclude Include="..\..\..\types\ext4_super.h">
      <Filter>Header Files\types</Filter>
    </ClInclude>
  </ItemGroup>
</Project>